
Microsoft Visual Studio Solution File, Format Version 12.00
# Visual Studio Version 16
VisualStudioVersion = 16.0.30611.23
MinimumVisualStudioVersion = 10.0.40219.1
Project("{FAE04EC0-301F-11D3-BF4B-00C04F79EFBC}") = "Managix.API", "Managix.API\Managix.API.csproj", "{8BBEC449-7FE5-44F4-A8D2-E3867730F0A2}"
EndProject
Project("{FAE04EC0-301F-11D3-BF4B-00C04F79EFBC}") = "Managix.IServices", "Managix.IServices\Managix.IServices.csproj", "{5BA25263-15CA-4C24-8F0F-1200EFDDCA5A}"
EndProject
Project("{FAE04EC0-301F-11D3-BF4B-00C04F79EFBC}") = "Managix.Services", "Managix.Services\Managix.Services.csproj", "{A98319F4-65E1-4559-B005-4B0A98A12350}"
EndProject
Project("{FAE04EC0-301F-11D3-BF4B-00C04F79EFBC}") = "Managix.Infrastructure", "Managix.Infrastructure\Managix.Infrastructure.csproj", "{03E7E992-5888-4322-87B3-ADA7D65A318B}"
EndProject
Project("{FAE04EC0-301F-11D3-BF4B-00C04F79EFBC}") = "Managix.Repository", "Managix.Repository\Managix.Repository.csproj", "{4E47ADFB-763A-4B62-A911-BA14589F525B}"
EndProject
Global
	GlobalSection(SolutionConfigurationPlatforms) = preSolution
		Debug|Any CPU = Debug|Any CPU
		Release|Any CPU = Release|Any CPU
	EndGlobalSection
	GlobalSection(ProjectConfigurationPlatforms) = postSolution
		{8BBEC449-7FE5-44F4-A8D2-E3867730F0A2}.Debug|Any CPU.ActiveCfg = Debug|Any CPU
		{8BBEC449-7FE5-44F4-A8D2-E3867730F0A2}.Debug|Any CPU.Build.0 = Debug|Any CPU
		{8BBEC449-7FE5-44F4-A8D2-E3867730F0A2}.Release|Any CPU.ActiveCfg = Release|Any CPU
		{8BBEC449-7FE5-44F4-A8D2-E3867730F0A2}.Release|Any CPU.Build.0 = Release|Any CPU
		{5BA25263-15CA-4C24-8F0F-1200EFDDCA5A}.Debug|Any CPU.ActiveCfg = Debug|Any CPU
		{5BA25263-15CA-4C24-8F0F-1200EFDDCA5A}.Debug|Any CPU.Build.0 = Debug|Any CPU
		{5BA25263-15CA-4C24-8F0F-1200EFDDCA5A}.Release|Any CPU.ActiveCfg = Release|Any CPU
		{5BA25263-15CA-4C24-8F0F-1200EFDDCA5A}.Release|Any CPU.Build.0 = Release|Any CPU
		{A98319F4-65E1-4559-B005-4B0A98A12350}.Debug|Any CPU.ActiveCfg = Debug|Any CPU
		{A98319F4-65E1-4559-B005-4B0A98A12350}.Debug|Any CPU.Build.0 = Debug|Any CPU
		{A98319F4-65E1-4559-B005-4B0A98A12350}.Release|Any CPU.ActiveCfg = Release|Any CPU
		{A98319F4-65E1-4559-B005-4B0A98A12350}.Release|Any CPU.Build.0 = Release|Any CPU
		{03E7E992-5888-4322-87B3-ADA7D65A318B}.Debug|Any CPU.ActiveCfg = Debug|Any CPU
		{03E7E992-5888-4322-87B3-ADA7D65A318B}.Debug|Any CPU.Build.0 = Debug|Any CPU
		{03E7E992-5888-4322-87B3-ADA7D65A318B}.Release|Any CPU.ActiveCfg = Release|Any CPU
		{03E7E992-5888-4322-87B3-ADA7D65A318B}.Release|Any CPU.Build.0 = Release|Any CPU
		{4E47ADFB-763A-4B62-A911-BA14589F525B}.Debug|Any CPU.ActiveCfg = Debug|Any CPU
		{4E47ADFB-763A-4B62-A911-BA14589F525B}.Debug|Any CPU.Build.0 = Debug|Any CPU
		{4E47ADFB-763A-4B62-A911-BA14589F525B}.Release|Any CPU.ActiveCfg = Release|Any CPU
		{4E47ADFB-763A-4B62-A911-BA14589F525B}.Release|Any CPU.Build.0 = Release|Any CPU
	EndGlobalSection
	GlobalSection(SolutionProperties) = preSolution
		HideSolutionNode = FALSE
	EndGlobalSection
	GlobalSection(ExtensibilityGlobals) = postSolution
		SolutionGuid = {A3B1F118-C270-40B3-BC10-24271F17FC94}
	EndGlobalSection
EndGlobal
